
Microsoft Visual Studio Solution File, Format Version 12.00
# Visual Studio Version 16
VisualStudioVersion = 16.0.29613.14
MinimumVisualStudioVersion = 10.0.40219.1
Project("{9A19103F-16F7-4668-BE54-9A1E7A4F7556}") = "Arqan", "Arqan.csproj", "{6078316F-9970-456A-8AA6-3D359E4A7AF3}"
EndProject
Global
	GlobalSection(SolutionConfigurationPlatforms) = preSolution
		Debug|Any CPU = Debug|Any CPU
		Release|Any CPU = Release|Any CPU
	EndGlobalSection
	GlobalSection(ProjectConfigurationPlatforms) = postSolution
		{6078316F-9970-456A-8AA6-3D359E4A7AF3}.Debug|Any CPU.ActiveCfg = Debug|Any CPU
		{6078316F-9970-456A-8AA6-3D359E4A7AF3}.Debug|Any CPU.Build.0 = Debug|Any CPU
		{6078316F-9970-456A-8AA6-3D359E4A7AF3}.Release|Any CPU.ActiveCfg = Release|Any CPU
		{6078316F-9970-456A-8AA6-3D359E4A7AF3}.Release|Any CPU.Build.0 = Release|Any CPU
	EndGlobalSection
	GlobalSection(SolutionProperties) = preSolution
		HideSolutionNode = FALSE
	EndGlobalSection
	GlobalSection(ExtensibilityGlobals) = postSolution
		SolutionGuid = {2EE8C76E-9ECB-4BDE-8671-ED8CF8FB9766}
	EndGlobalSection
EndGlobal
