
Microsoft Visual Studio Solution File, Format Version 12.00
# Visual Studio Version 16
VisualStudioVersion = 16.0.30621.155
MinimumVisualStudioVersion = 15.0.26124.0
Project("{9A19103F-16F7-4668-BE54-9A1E7A4F7556}") = "Arqan", "Arqan\Arqan.csproj", "{B5FF35C1-0FD2-43D8-8E6A-6CD8E6F0C678}"
EndProject
Project("{9A19103F-16F7-4668-BE54-9A1E7A4F7556}") = "Arqan.Example1", "Arqan.Example1\Arqan.Example1.csproj", "{3D31B946-782E-4684-BBE6-C7445D772B0B}"
EndProject
Project("{9A19103F-16F7-4668-BE54-9A1E7A4F7556}") = "Arqan.Example2", "Arqan.Example2\Arqan.Example2.csproj", "{EC3B5F5B-20BE-42E4-90C4-C75A58BE9280}"
EndProject
Global
	GlobalSection(SolutionConfigurationPlatforms) = preSolution
		x64|Any CPU = x64|Any CPU
		x86|Any CPU = x86|Any CPU
	EndGlobalSection
	GlobalSection(ProjectConfigurationPlatforms) = postSolution
		{B5FF35C1-0FD2-43D8-8E6A-6CD8E6F0C678}.x64|Any CPU.ActiveCfg = x64|Any CPU
		{B5FF35C1-0FD2-43D8-8E6A-6CD8E6F0C678}.x64|Any CPU.Build.0 = x64|Any CPU
		{B5FF35C1-0FD2-43D8-8E6A-6CD8E6F0C678}.x86|Any CPU.ActiveCfg = x86|Any CPU
		{B5FF35C1-0FD2-43D8-8E6A-6CD8E6F0C678}.x86|Any CPU.Build.0 = x86|Any CPU
		{3D31B946-782E-4684-BBE6-C7445D772B0B}.x64|Any CPU.ActiveCfg = x64|Any CPU
		{3D31B946-782E-4684-BBE6-C7445D772B0B}.x64|Any CPU.Build.0 = x64|Any CPU
		{3D31B946-782E-4684-BBE6-C7445D772B0B}.x86|Any CPU.ActiveCfg = x86|Any CPU
		{3D31B946-782E-4684-BBE6-C7445D772B0B}.x86|Any CPU.Build.0 = x86|Any CPU
		{EC3B5F5B-20BE-42E4-90C4-C75A58BE9280}.x64|Any CPU.ActiveCfg = x64|Any CPU
		{EC3B5F5B-20BE-42E4-90C4-C75A58BE9280}.x64|Any CPU.Build.0 = x64|Any CPU
		{EC3B5F5B-20BE-42E4-90C4-C75A58BE9280}.x86|Any CPU.ActiveCfg = x86|Any CPU
		{EC3B5F5B-20BE-42E4-90C4-C75A58BE9280}.x86|Any CPU.Build.0 = x86|Any CPU
	EndGlobalSection
	GlobalSection(SolutionProperties) = preSolution
		HideSolutionNode = FALSE
	EndGlobalSection
	GlobalSection(ExtensibilityGlobals) = postSolution
		SolutionGuid = {AFEE6E9E-FD98-46A3-81C1-2B6D9EFCE442}
	EndGlobalSection
EndGlobal
